
Microsoft Visual Studio Solution File, Format Version 12.00
# Visual Studio Version 17
VisualStudioVersion = 17.3.32901.215
MinimumVisualStudioVersion = 10.0.40219.1
Project("{FAE04EC0-301F-11D3-BF4B-00C04F79EFBC}") = "Roshambo", "Roshambo\Roshambo.csproj", "{605883EB-B2CD-4348-9F04-4D6DDA0E27D0}"
EndProject
Global
	GlobalSection(SolutionConfigurationPlatforms) = preSolution
		Debug|Any CPU = Debug|Any CPU
		Release|Any CPU = Release|Any CPU
	EndGlobalSection
	GlobalSection(ProjectConfigurationPlatforms) = postSolution
		{605883EB-B2CD-4348-9F04-4D6DDA0E27D0}.Debug|Any CPU.ActiveCfg = Debug|Any CPU
		{605883EB-B2CD-4348-9F04-4D6DDA0E27D0}.Debug|Any CPU.Build.0 = Debug|Any CPU
		{605883EB-B2CD-4348-9F04-4D6DDA0E27D0}.Release|Any CPU.ActiveCfg = Release|Any CPU
		{605883EB-B2CD-4348-9F04-4D6DDA0E27D0}.Release|Any CPU.Build.0 = Release|Any CPU
	EndGlobalSection
	GlobalSection(SolutionProperties) = preSolution
		HideSolutionNode = FALSE
	EndGlobalSection
	GlobalSection(ExtensibilityGlobals) = postSolution
		SolutionGuid = {C5AA84CC-DF06-4AEF-BB09-F7938392D6DB}
	EndGlobalSection
EndGlobal
